
Microsoft Visual Studio Solution File, Format Version 12.00
# Visual Studio 15
Project("{FAE04EC0-301F-11D3-BF4B-00C04F79EFBC}") = "testapp.Android", "testapp.Android\testapp.Android.csproj", "{D0B48467-17B8-4180-ADB2-786A088A530F}"
EndProject
Project("{FAE04EC0-301F-11D3-BF4B-00C04F79EFBC}") = "testapp.iOS", "testapp.iOS\testapp.iOS.csproj", "{83641F4D-702F-439E-BC9D-A7ED937A6149}"
EndProject
Project("{FAE04EC0-301F-11D3-BF4B-00C04F79EFBC}") = "testapp.Core", "testapp.Core\testapp.Core.csproj", "{AE646F66-D527-4088-9A7B-2033E8B77486}"
EndProject
Project("{FAE04EC0-301F-11D3-BF4B-00C04F79EFBC}") = "testapp.UI", "testapp.UI\testapp.UI.csproj", "{EC655929-612F-40F5-A662-29C31F4E4833}"
EndProject
Global
	GlobalSection(SolutionConfigurationPlatforms) = preSolution
		Debug|Any CPU = Debug|Any CPU
		Release|Any CPU = Release|Any CPU
		Debug|iPhoneSimulator = Debug|iPhoneSimulator
		Release|iPhoneSimulator = Release|iPhoneSimulator
		Debug|iPhone = Debug|iPhone
		Release|iPhone = Release|iPhone
	EndGlobalSection
	GlobalSection(ProjectConfigurationPlatforms) = postSolution
		{D0B48467-17B8-4180-ADB2-786A088A530F}.Debug|Any CPU.ActiveCfg = Debug|Any CPU
		{D0B48467-17B8-4180-ADB2-786A088A530F}.Debug|Any CPU.Build.0 = Debug|Any CPU
		{D0B48467-17B8-4180-ADB2-786A088A530F}.Release|Any CPU.ActiveCfg = Release|Any CPU
		{D0B48467-17B8-4180-ADB2-786A088A530F}.Release|Any CPU.Build.0 = Release|Any CPU
		{D0B48467-17B8-4180-ADB2-786A088A530F}.Debug|iPhoneSimulator.ActiveCfg = Debug|Any CPU
		{D0B48467-17B8-4180-ADB2-786A088A530F}.Debug|iPhoneSimulator.Build.0 = Debug|Any CPU
		{D0B48467-17B8-4180-ADB2-786A088A530F}.Release|iPhoneSimulator.ActiveCfg = Release|Any CPU
		{D0B48467-17B8-4180-ADB2-786A088A530F}.Release|iPhoneSimulator.Build.0 = Release|Any CPU
		{D0B48467-17B8-4180-ADB2-786A088A530F}.Debug|iPhone.ActiveCfg = Debug|Any CPU
		{D0B48467-17B8-4180-ADB2-786A088A530F}.Debug|iPhone.Build.0 = Debug|Any CPU
		{D0B48467-17B8-4180-ADB2-786A088A530F}.Release|iPhone.ActiveCfg = Release|Any CPU
		{D0B48467-17B8-4180-ADB2-786A088A530F}.Release|iPhone.Build.0 = Release|Any CPU
		{83641F4D-702F-439E-BC9D-A7ED937A6149}.Debug|Any CPU.ActiveCfg = Debug|iPhoneSimulator
		{83641F4D-702F-439E-BC9D-A7ED937A6149}.Debug|Any CPU.Build.0 = Debug|iPhoneSimulator
		{83641F4D-702F-439E-BC9D-A7ED937A6149}.Release|Any CPU.ActiveCfg = Release|iPhoneSimulator
		{83641F4D-702F-439E-BC9D-A7ED937A6149}.Release|Any CPU.Build.0 = Release|iPhoneSimulator
		{83641F4D-702F-439E-BC9D-A7ED937A6149}.Debug|iPhoneSimulator.ActiveCfg = Debug|iPhoneSimulator
		{83641F4D-702F-439E-BC9D-A7ED937A6149}.Debug|iPhoneSimulator.Build.0 = Debug|iPhoneSimulator
		{83641F4D-702F-439E-BC9D-A7ED937A6149}.Release|iPhoneSimulator.ActiveCfg = Release|iPhoneSimulator
		{83641F4D-702F-439E-BC9D-A7ED937A6149}.Release|iPhoneSimulator.Build.0 = Release|iPhoneSimulator
		{83641F4D-702F-439E-BC9D-A7ED937A6149}.Debug|iPhone.ActiveCfg = Debug|iPhone
		{83641F4D-702F-439E-BC9D-A7ED937A6149}.Debug|iPhone.Build.0 = Debug|iPhone
		{83641F4D-702F-439E-BC9D-A7ED937A6149}.Release|iPhone.ActiveCfg = Release|iPhone
		{83641F4D-702F-439E-BC9D-A7ED937A6149}.Release|iPhone.Build.0 = Release|iPhone
		{AE646F66-D527-4088-9A7B-2033E8B77486}.Debug|Any CPU.ActiveCfg = Debug|Any CPU
		{AE646F66-D527-4088-9A7B-2033E8B77486}.Debug|Any CPU.Build.0 = Debug|Any CPU
		{AE646F66-D527-4088-9A7B-2033E8B77486}.Release|Any CPU.ActiveCfg = Release|Any CPU
		{AE646F66-D527-4088-9A7B-2033E8B77486}.Release|Any CPU.Build.0 = Release|Any CPU
		{AE646F66-D527-4088-9A7B-2033E8B77486}.Debug|iPhoneSimulator.ActiveCfg = Debug|Any CPU
		{AE646F66-D527-4088-9A7B-2033E8B77486}.Debug|iPhoneSimulator.Build.0 = Debug|Any CPU
		{AE646F66-D527-4088-9A7B-2033E8B77486}.Release|iPhoneSimulator.ActiveCfg = Release|Any CPU
		{AE646F66-D527-4088-9A7B-2033E8B77486}.Release|iPhoneSimulator.Build.0 = Release|Any CPU
		{AE646F66-D527-4088-9A7B-2033E8B77486}.Debug|iPhone.ActiveCfg = Debug|Any CPU
		{AE646F66-D527-4088-9A7B-2033E8B77486}.Debug|iPhone.Build.0 = Debug|Any CPU
		{AE646F66-D527-4088-9A7B-2033E8B77486}.Release|iPhone.ActiveCfg = Release|Any CPU
		{AE646F66-D527-4088-9A7B-2033E8B77486}.Release|iPhone.Build.0 = Release|Any CPU
		{EC655929-612F-40F5-A662-29C31F4E4833}.Debug|Any CPU.ActiveCfg = Debug|Any CPU
		{EC655929-612F-40F5-A662-29C31F4E4833}.Debug|Any CPU.Build.0 = Debug|Any CPU
		{EC655929-612F-40F5-A662-29C31F4E4833}.Release|Any CPU.ActiveCfg = Release|Any CPU
		{EC655929-612F-40F5-A662-29C31F4E4833}.Release|Any CPU.Build.0 = Release|Any CPU
		{EC655929-612F-40F5-A662-29C31F4E4833}.Debug|iPhoneSimulator.ActiveCfg = Debug|Any CPU
		{EC655929-612F-40F5-A662-29C31F4E4833}.Debug|iPhoneSimulator.Build.0 = Debug|Any CPU
		{EC655929-612F-40F5-A662-29C31F4E4833}.Release|iPhoneSimulator.ActiveCfg = Release|Any CPU
		{EC655929-612F-40F5-A662-29C31F4E4833}.Release|iPhoneSimulator.Build.0 = Release|Any CPU
		{EC655929-612F-40F5-A662-29C31F4E4833}.Debug|iPhone.ActiveCfg = Debug|Any CPU
		{EC655929-612F-40F5-A662-29C31F4E4833}.Debug|iPhone.Build.0 = Debug|Any CPU
		{EC655929-612F-40F5-A662-29C31F4E4833}.Release|iPhone.ActiveCfg = Release|Any CPU
		{EC655929-612F-40F5-A662-29C31F4E4833}.Release|iPhone.Build.0 = Release|Any CPU
	EndGlobalSection
EndGlobal
